{
  "name": "backend",
  "version": "0.1.0",
  "lockfileVersion": 3,
  "requires": true,
  "packages": {
    "": {
      "name": "backend",
      "version": "0.1.0",
      "dependencies": {
        "core": "file:../core"
      }
    },
    "../core": {
      "version": "0.1.0"
    },
    "node_modules/core": {
      "resolved": "../core",
      "link": true
    }
  }
}
